// !$*UTF8*$!
{
	archiveVersion = 1;
	classes = {
	};
	objectVersion = 46;
	objects = {

/* Begin PBXBuildFile section */
		6F529A741A3E0C4B003CCA2F /* scene.cpp in Sources */ = {isa = PBXBuildFile; fileRef = 6F529A691A3E0C4B003CCA2F /* scene.cpp */; };
		6F529A751A3E0C4B003CCA2F /* renderer.cpp in Sources */ = {isa = PBXBuildFile; fileRef = 6F529A6C1A3E0C4B003CCA2F /* renderer.cpp */; };
		6F529A761A3E0C4B003CCA2F /* main.cpp in Sources */ = {isa = PBXBuildFile; fileRef = 6F529A6D1A3E0C4B003CCA2F /* main.cpp */; };
		6F529A771A3E0C4B003CCA2F /* hgtloader.cpp in Sources */ = {isa = PBXBuildFile; fileRef = 6F529A6F1A3E0C4B003CCA2F /* hgtloader.cpp */; };
		6F529A781A3E0C4B003CCA2F /* drawable.cpp in Sources */ = {isa = PBXBuildFile; fileRef = 6F529A711A3E0C4B003CCA2F /* drawable.cpp */; };
		6F529A791A3E0C4B003CCA2F /* application.cpp in Sources */ = {isa = PBXBuildFile; fileRef = 6F529A731A3E0C4B003CCA2F /* application.cpp */; };
		6F529A7C1A3E0D83003CCA2F /* glshaders.cpp in Sources */ = {isa = PBXBuildFile; fileRef = 6F529A7A1A3E0D83003CCA2F /* glshaders.cpp */; };
		6F529A7F1A3E1A0F003CCA2F /* terrain.vert in Resources */ = {isa = PBXBuildFile; fileRef = 6F529A7D1A3E1A0F003CCA2F /* terrain.vert */; };
		6F529A801A3E1A0F003CCA2F /* terrain.frag in Resources */ = {isa = PBXBuildFile; fileRef = 6F529A7E1A3E1A0F003CCA2F /* terrain.frag */; };
		6F7AEEE01A3DAE4300D62C38 /* N60E010.hgt in Resources */ = {isa = PBXBuildFile; fileRef = 6F7AEEDF1A3DAE4300D62C38 /* N60E010.hgt */; };
		6F7AEEE51A3DF2A800D62C38 /* OpenGL.framework in Frameworks */ = {isa = PBXBuildFile; fileRef = 6F7AEEE41A3DF2A800D62C38 /* OpenGL.framework */; };
		6FB2D3661A3CF42C00DD813B /* ResourcePath.mm in Sources */ = {isa = PBXBuildFile; fileRef = 6FB2D3651A3CF42C00DD813B /* ResourcePath.mm */; };
		6FB2D36E1A3CF42C00DD813B /* nice_music.ogg in Resources */ = {isa = PBXBuildFile; fileRef = 6FB2D36D1A3CF42C00DD813B /* nice_music.ogg */; };
		6FB2D3701A3CF42C00DD813B /* sansation.ttf in Resources */ = {isa = PBXBuildFile; fileRef = 6FB2D36F1A3CF42C00DD813B /* sansation.ttf */; };
		6FB2D3721A3CF42C00DD813B /* icon.png in Resources */ = {isa = PBXBuildFile; fileRef = 6FB2D3711A3CF42C00DD813B /* icon.png */; };
		6FD04B6E1A40A8D900E97935 /* camera.cpp in Sources */ = {isa = PBXBuildFile; fileRef = 6FD04B6C1A40A8D900E97935 /* camera.cpp */; };
		6FD04B701A40E0D900E97935 /* terrain.geom in Resources */ = {isa = PBXBuildFile; fileRef = 6FD04B6F1A40E0D900E97935 /* terrain.geom */; };
		6FD04B731A40EEFD00E97935 /* vbo.cpp in Sources */ = {isa = PBXBuildFile; fileRef = 6FD04B711A40EEFD00E97935 /* vbo.cpp */; };
/* End PBXBuildFile section */

/* Begin PBXFileReference section */
		6F529A681A3E0C4B003CCA2F /* scene.h */ = {isa = PBXFileReference; fileEncoding = 4; lastKnownFileType = sourcecode.c.h; name = scene.h; path = ../../src/scene.h; sourceTree = "<group>"; };
		6F529A691A3E0C4B003CCA2F /* scene.cpp */ = {isa = PBXFileReference; fileEncoding = 4; lastKnownFileType = sourcecode.cpp.cpp; name = scene.cpp; path = ../../src/scene.cpp; sourceTree = "<group>"; };
		6F529A6A1A3E0C4B003CCA2F /* ResourcePath.h */ = {isa = PBXFileReference; fileEncoding = 4; lastKnownFileType = sourcecode.c.h; name = ResourcePath.h; path = ../../src/ResourcePath.h; sourceTree = "<group>"; };
		6F529A6B1A3E0C4B003CCA2F /* renderer.h */ = {isa = PBXFileReference; fileEncoding = 4; lastKnownFileType = sourcecode.c.h; name = renderer.h; path = ../../src/renderer.h; sourceTree = "<group>"; };
		6F529A6C1A3E0C4B003CCA2F /* renderer.cpp */ = {isa = PBXFileReference; fileEncoding = 4; lastKnownFileType = sourcecode.cpp.cpp; name = renderer.cpp; path = ../../src/renderer.cpp; sourceTree = "<group>"; };
		6F529A6D1A3E0C4B003CCA2F /* main.cpp */ = {isa = PBXFileReference; fileEncoding = 4; lastKnownFileType = sourcecode.cpp.cpp; name = main.cpp; path = ../../src/main.cpp; sourceTree = "<group>"; };
		6F529A6E1A3E0C4B003CCA2F /* hgtloader.h */ = {isa = PBXFileReference; fileEncoding = 4; lastKnownFileType = sourcecode.c.h; name = hgtloader.h; path = ../../src/hgtloader.h; sourceTree = "<group>"; };
		6F529A6F1A3E0C4B003CCA2F /* hgtloader.cpp */ = {isa = PBXFileReference; fileEncoding = 4; lastKnownFileType = sourcecode.cpp.cpp; name = hgtloader.cpp; path = ../../src/hgtloader.cpp; sourceTree = "<group>"; };
		6F529A701A3E0C4B003CCA2F /* drawable.h */ = {isa = PBXFileReference; fileEncoding = 4; lastKnownFileType = sourcecode.c.h; name = drawable.h; path = ../../src/drawable.h; sourceTree = "<group>"; };
		6F529A711A3E0C4B003CCA2F /* drawable.cpp */ = {isa = PBXFileReference; fileEncoding = 4; lastKnownFileType = sourcecode.cpp.cpp; name = drawable.cpp; path = ../../src/drawable.cpp; sourceTree = "<group>"; };
		6F529A721A3E0C4B003CCA2F /* application.h */ = {isa = PBXFileReference; fileEncoding = 4; lastKnownFileType = sourcecode.c.h; name = application.h; path = ../../src/application.h; sourceTree = "<group>"; };
		6F529A731A3E0C4B003CCA2F /* application.cpp */ = {isa = PBXFileReference; fileEncoding = 4; lastKnownFileType = sourcecode.cpp.cpp; name = application.cpp; path = ../../src/application.cpp; sourceTree = "<group>"; };
		6F529A7A1A3E0D83003CCA2F /* glshaders.cpp */ = {isa = PBXFileReference; fileEncoding = 4; lastKnownFileType = sourcecode.cpp.cpp; name = glshaders.cpp; path = ../../src/glshaders.cpp; sourceTree = "<group>"; };
		6F529A7B1A3E0D83003CCA2F /* glshaders.h */ = {isa = PBXFileReference; fileEncoding = 4; lastKnownFileType = sourcecode.c.h; name = glshaders.h; path = ../../src/glshaders.h; sourceTree = "<group>"; };
		6F529A7D1A3E1A0F003CCA2F /* terrain.vert */ = {isa = PBXFileReference; fileEncoding = 4; lastKnownFileType = sourcecode.glsl; name = terrain.vert; path = ../../shaders/terrain.vert; sourceTree = "<group>"; };
		6F529A7E1A3E1A0F003CCA2F /* terrain.frag */ = {isa = PBXFileReference; fileEncoding = 4; lastKnownFileType = sourcecode.glsl; name = terrain.frag; path = ../../shaders/terrain.frag; sourceTree = "<group>"; };
		6F7AEEDF1A3DAE4300D62C38 /* N60E010.hgt */ = {isa = PBXFileReference; lastKnownFileType = file; name = N60E010.hgt; path = ../../geodata/N60E010.hgt; sourceTree = "<group>"; };
		6F7AEEE41A3DF2A800D62C38 /* OpenGL.framework */ = {isa = PBXFileReference; lastKnownFileType = wrapper.framework; name = OpenGL.framework; path = System/Library/Frameworks/OpenGL.framework; sourceTree = SDKROOT; };
		6FB2D3601A3CF42C00DD813B /* terrain-demo.app */ = {isa = PBXFileReference; explicitFileType = wrapper.application; includeInIndex = 0; path = "terrain-demo.app"; sourceTree = BUILT_PRODUCTS_DIR; };
		6FB2D3641A3CF42C00DD813B /* terrain-demo-Info.plist */ = {isa = PBXFileReference; lastKnownFileType = text.plist.xml; path = "terrain-demo-Info.plist"; sourceTree = "<group>"; };
		6FB2D3651A3CF42C00DD813B /* ResourcePath.mm */ = {isa = PBXFileReference; lastKnownFileType = sourcecode.cpp.objcpp; path = ResourcePath.mm; sourceTree = "<group>"; };
		6FB2D36D1A3CF42C00DD813B /* nice_music.ogg */ = {isa = PBXFileReference; lastKnownFileType = file; path = nice_music.ogg; sourceTree = "<group>"; };
		6FB2D36F1A3CF42C00DD813B /* sansation.ttf */ = {isa = PBXFileReference; lastKnownFileType = file; path = sansation.ttf; sourceTree = "<group>"; };
		6FB2D3711A3CF42C00DD813B /* icon.png */ = {isa = PBXFileReference; lastKnownFileType = image.png; path = icon.png; sourceTree = "<group>"; };
		6FD04B6C1A40A8D900E97935 /* camera.cpp */ = {isa = PBXFileReference; fileEncoding = 4; lastKnownFileType = sourcecode.cpp.cpp; name = camera.cpp; path = ../../src/camera.cpp; sourceTree = "<group>"; };
		6FD04B6D1A40A8D900E97935 /* camera.h */ = {isa = PBXFileReference; fileEncoding = 4; lastKnownFileType = sourcecode.c.h; name = camera.h; path = ../../src/camera.h; sourceTree = "<group>"; };
		6FD04B6F1A40E0D900E97935 /* terrain.geom */ = {isa = PBXFileReference; fileEncoding = 4; lastKnownFileType = sourcecode.glsl; lineEnding = 2; name = terrain.geom; path = ../../shaders/terrain.geom; sourceTree = "<group>"; };
		6FD04B711A40EEFD00E97935 /* vbo.cpp */ = {isa = PBXFileReference; fileEncoding = 4; lastKnownFileType = sourcecode.cpp.cpp; name = vbo.cpp; path = ../../src/vbo.cpp; sourceTree = "<group>"; };
		6FD04B721A40EEFD00E97935 /* vbo.h */ = {isa = PBXFileReference; fileEncoding = 4; lastKnownFileType = sourcecode.c.h; name = vbo.h; path = ../../src/vbo.h; sourceTree = "<group>"; };
/* End PBXFileReference section */

/* Begin PBXFrameworksBuildPhase section */
		6FB2D35C1A3CF42C00DD813B /* Frameworks */ = {
			isa = PBXFrameworksBuildPhase;
			buildActionMask = 2147483647;
			files = (
				6F7AEEE51A3DF2A800D62C38 /* OpenGL.framework in Frameworks */,
			);
			runOnlyForDeploymentPostprocessing = 0;
		};
/* End PBXFrameworksBuildPhase section */

/* Begin PBXGroup section */
		6F529A671A3E0C29003CCA2F /* src */ = {
			isa = PBXGroup;
			children = (
				6F529A6A1A3E0C4B003CCA2F /* ResourcePath.h */,
				6F529A681A3E0C4B003CCA2F /* scene.h */,
				6F529A691A3E0C4B003CCA2F /* scene.cpp */,
				6F529A6B1A3E0C4B003CCA2F /* renderer.h */,
				6F529A6C1A3E0C4B003CCA2F /* renderer.cpp */,
				6F529A6E1A3E0C4B003CCA2F /* hgtloader.h */,
				6F529A6F1A3E0C4B003CCA2F /* hgtloader.cpp */,
				6F529A701A3E0C4B003CCA2F /* drawable.h */,
				6F529A711A3E0C4B003CCA2F /* drawable.cpp */,
				6F529A721A3E0C4B003CCA2F /* application.h */,
				6F529A731A3E0C4B003CCA2F /* application.cpp */,
				6F529A6D1A3E0C4B003CCA2F /* main.cpp */,
				6F529A7A1A3E0D83003CCA2F /* glshaders.cpp */,
				6F529A7B1A3E0D83003CCA2F /* glshaders.h */,
				6FD04B6C1A40A8D900E97935 /* camera.cpp */,
				6FD04B6D1A40A8D900E97935 /* camera.h */,
				6FD04B711A40EEFD00E97935 /* vbo.cpp */,
				6FD04B721A40EEFD00E97935 /* vbo.h */,
			);
			name = src;
			sourceTree = "<group>";
		};
		6FB2D3561A3CF42C00DD813B = {
			isa = PBXGroup;
			children = (
				6F7AEEE41A3DF2A800D62C38 /* OpenGL.framework */,
				6FB2D3621A3CF42C00DD813B /* terrain-demo */,
				6FB2D3611A3CF42C00DD813B /* Products */,
			);
			sourceTree = "<group>";
		};
		6FB2D3611A3CF42C00DD813B /* Products */ = {
			isa = PBXGroup;
			children = (
				6FB2D3601A3CF42C00DD813B /* terrain-demo.app */,
			);
			name = Products;
			sourceTree = "<group>";
		};
		6FB2D3621A3CF42C00DD813B /* terrain-demo */ = {
			isa = PBXGroup;
			children = (
				6F529A671A3E0C29003CCA2F /* src */,
				6FB2D3651A3CF42C00DD813B /* ResourcePath.mm */,
				6FB2D36A1A3CF42C00DD813B /* Resources */,
				6FB2D3631A3CF42C00DD813B /* Supporting Files */,
			);
			path = "terrain-demo";
			sourceTree = "<group>";
		};
		6FB2D3631A3CF42C00DD813B /* Supporting Files */ = {
			isa = PBXGroup;
			children = (
				6FB2D3641A3CF42C00DD813B /* terrain-demo-Info.plist */,
			);
			name = "Supporting Files";
			sourceTree = "<group>";
		};
		6FB2D36A1A3CF42C00DD813B /* Resources */ = {
			isa = PBXGroup;
			children = (
				6F529A7D1A3E1A0F003CCA2F /* terrain.vert */,
				6F529A7E1A3E1A0F003CCA2F /* terrain.frag */,
				6FD04B6F1A40E0D900E97935 /* terrain.geom */,
				6F7AEEDF1A3DAE4300D62C38 /* N60E010.hgt */,
				6FB2D36D1A3CF42C00DD813B /* nice_music.ogg */,
				6FB2D36F1A3CF42C00DD813B /* sansation.ttf */,
				6FB2D3711A3CF42C00DD813B /* icon.png */,
			);
			name = Resources;
			sourceTree = "<group>";
		};
/* End PBXGroup section */

/* Begin PBXNativeTarget section */
		6FB2D35F1A3CF42C00DD813B /* terrain-demo */ = {
			isa = PBXNativeTarget;
			buildConfigurationList = 6FB2D3751A3CF42C00DD813B /* Build configuration list for PBXNativeTarget "terrain-demo" */;
			buildPhases = (
				6FB2D35B1A3CF42C00DD813B /* Sources */,
				6FB2D35C1A3CF42C00DD813B /* Frameworks */,
				6FB2D35D1A3CF42C00DD813B /* Resources */,
				6FB2D35E1A3CF42C00DD813B /* ShellScript */,
			);
			buildRules = (
			);
			dependencies = (
			);
			name = "terrain-demo";
			productName = "terrain-demo";
			productReference = 6FB2D3601A3CF42C00DD813B /* terrain-demo.app */;
			productType = "com.apple.product-type.application";
		};
/* End PBXNativeTarget section */

/* Begin PBXProject section */
		6FB2D3571A3CF42C00DD813B /* Project object */ = {
			isa = PBXProject;
			attributes = {
				LastUpgradeCheck = 0610;
				ORGANIZATIONNAME = "Mariusz Nowostawski";
				TargetAttributes = {
					6FB2D35F1A3CF42C00DD813B = {
						CreatedOnToolsVersion = 6.1.1;
					};
				};
			};
			buildConfigurationList = 6FB2D35A1A3CF42C00DD813B /* Build configuration list for PBXProject "terrain-demo" */;
			compatibilityVersion = "Xcode 3.2";
			developmentRegion = English;
			hasScannedForEncodings = 0;
			knownRegions = (
				en,
			);
			mainGroup = 6FB2D3561A3CF42C00DD813B;
			productRefGroup = 6FB2D3611A3CF42C00DD813B /* Products */;
			projectDirPath = "";
			projectRoot = "";
			targets = (
				6FB2D35F1A3CF42C00DD813B /* terrain-demo */,
			);
		};
/* End PBXProject section */

/* Begin PBXResourcesBuildPhase section */
		6FB2D35D1A3CF42C00DD813B /* Resources */ = {
			isa = PBXResourcesBuildPhase;
			buildActionMask = 2147483647;
			files = (
				6F529A7F1A3E1A0F003CCA2F /* terrain.vert in Resources */,
				6FB2D3721A3CF42C00DD813B /* icon.png in Resources */,
				6FB2D3701A3CF42C00DD813B /* sansation.ttf in Resources */,
				6F529A801A3E1A0F003CCA2F /* terrain.frag in Resources */,
				6F7AEEE01A3DAE4300D62C38 /* N60E010.hgt in Resources */,
				6FB2D36E1A3CF42C00DD813B /* nice_music.ogg in Resources */,
				6FD04B701A40E0D900E97935 /* terrain.geom in Resources */,
			);
			runOnlyForDeploymentPostprocessing = 0;
		};
/* End PBXResourcesBuildPhase section */

/* Begin PBXShellScriptBuildPhase section */
		6FB2D35E1A3CF42C00DD813B /* ShellScript */ = {
			isa = PBXShellScriptBuildPhase;
			buildActionMask = 2147483647;
			files = (
			);
			inputPaths = (
			);
			outputPaths = (
			);
			runOnlyForDeploymentPostprocessing = 0;
			shellPath = /bin/sh;
			shellScript = "# This shell script simply copies required SFML dylibs/frameworks into the application bundle frameworks folder.\n# If you're using static libraries (which is not recommended) you should remove this script from your project.\n\n# Are we building a project that uses frameworks or dylibs?\ncase \"$SFML_BINARY_TYPE\" in\n    DYLIBS)\n        frameworks=\"false\"\n        ;;\n    *)\n        frameworks=\"true\"\n        ;;\nesac\n\n# Echoes to stderr\nerror () # $* message to display\n{\n    echo $* 1>&2\n    exit 2\n}\n\nassert () # $1 is a boolean, $2...N is an error message\n{\n    if [ $# -lt 2 ]\n    then\n        error \"Internal error in assert : not enough args\"\n    fi\n\n    if [ $1 -ne 0 ]\n    then\n        shift\n        error \"$*\"\n    fi\n}\n\nforce_remove () # $@ is some paths\n{\n    test $# -ge 1\n    assert $? \"force_remove() requires at least one parameter\"\n    rm -fr $@\n    assert $? \"couldn't remove $@\"\n}\n\ncopy () # $1 is a source, $2 is a destination\n{\n    test $# -eq 2\n    assert $? \"copy() requires two parameters\"\n    ditto \"$1\" \"$2\"\n    assert $? \"couldn't copy $1 to $2\"\n}\n\nrequire () # $1 is a SFML module like 'system' or 'audio'\n{\n    dest=\"$BUILT_PRODUCTS_DIR/$PRODUCT_NAME.app/Contents/Frameworks\"\n\n    if [ -z \"$1\" ]\n    then\n        error \"require() requires one parameter!\"\n    else\n        # clean potentially old stuff\n        force_remove \"$dest/libsfml-$1\"*\n        force_remove \"$dest/sfml-$1.framework\"\n\n        # copy SFML libraries\n        if [ \"$frameworks\" = \"true\" ]\n        then\n            source=\"/Library/Frameworks/sfml-$1.framework\"\n            target=\"sfml-$1.framework\"\n        elif [ \"$SFML_LINK_DYLIBS_SUFFIX\" = \"-d\" ]\n        then\n            source=\"/usr/local/lib/libsfml-$1-d.dylib\"\n            target=\"`readlink $source`\"\n        else\n            source=\"/usr/local/lib/libsfml-$1.dylib\"\n            target=\"`readlink $source`\"\n        fi\n\n        copy \"$source\" \"$dest/$target\"\n\n        # copy extra dependencies\n        if [ \"$1\" = \"audio\" ]\n        then\n            # copy sndfile framework too\n            copy \"/Library/Frameworks/sndfile.framework\" \"$dest/sndfile.framework\"\n        elif [ \"$1\" = \"graphics\" ]\n        then\n            # copy freetype framework too\n            copy \"/Library/Frameworks/freetype.framework\" \"$dest/freetype.framework\"\n        fi\n    fi\n}\n\nif [ -n \"$SFML_SYSTEM\" ]\nthen\n    require \"system\"\nfi\n\nif [ -n \"$SFML_AUDIO\" ]\nthen\n    require \"audio\"\nfi\n\nif [ -n \"$SFML_NETWORK\" ]\nthen\n    require \"network\"\nfi\n\nif [ -n \"$SFML_WINDOW\" ]\nthen\n    require \"window\"\nfi\n\nif [ -n \"$SFML_GRAPHICS\" ]\nthen\n    require \"graphics\"\nfi\n\n                ";
		};
/* End PBXShellScriptBuildPhase section */

/* Begin PBXSourcesBuildPhase section */
		6FB2D35B1A3CF42C00DD813B /* Sources */ = {
			isa = PBXSourcesBuildPhase;
			buildActionMask = 2147483647;
			files = (
				6F529A771A3E0C4B003CCA2F /* hgtloader.cpp in Sources */,
				6FD04B731A40EEFD00E97935 /* vbo.cpp in Sources */,
				6F529A741A3E0C4B003CCA2F /* scene.cpp in Sources */,
				6F529A751A3E0C4B003CCA2F /* renderer.cpp in Sources */,
				6F529A781A3E0C4B003CCA2F /* drawable.cpp in Sources */,
				6FD04B6E1A40A8D900E97935 /* camera.cpp in Sources */,
				6F529A761A3E0C4B003CCA2F /* main.cpp in Sources */,
				6F529A791A3E0C4B003CCA2F /* application.cpp in Sources */,
				6FB2D3661A3CF42C00DD813B /* ResourcePath.mm in Sources */,
				6F529A7C1A3E0D83003CCA2F /* glshaders.cpp in Sources */,
			);
			runOnlyForDeploymentPostprocessing = 0;
		};
/* End PBXSourcesBuildPhase section */

/* Begin XCBuildConfiguration section */
		6FB2D3731A3CF42C00DD813B /* Debug */ = {
			isa = XCBuildConfiguration;
			buildSettings = {
				ARCHS = "$(NATIVE_ARCH_ACTUAL)";
				CLANG_CXX_LANGUAGE_STANDARD = "c++0x";
				CLANG_CXX_LIBRARY = "libc++";
				FRAMEWORK_SEARCH_PATHS = (
					/Library/Frameworks/,
					"$(inherited)",
				);
				GCC_VERSION = com.apple.compilers.llvm.clang.1_0;
				HEADER_SEARCH_PATHS = (
					/usr/local/include/,
					"$(inherited)",
				);
				LIBRARY_SEARCH_PATHS = (
					/usr/local/lib/,
					"$(inherited)",
				);
				MACOSX_DEPLOYMENT_TARGET = "";
				OTHER_LDFLAGS = (
					"$(inherited)",
					"$(SFML_SYSTEM)",
					"$(SFML_WINDOW)",
					"$(SFML_GRAPHICS)",
					"$(SFML_AUDIO)",
					"$(SFML_NETWORK)",
				);
				SFML_AUDIO = "$(SFML_LINK_PREFIX) sfml-audio$(SFML_LINK_SUFFIX)";
				SFML_BINARY_TYPE = DYLIBS;
				SFML_GRAPHICS = "$(SFML_LINK_PREFIX) sfml-graphics$(SFML_LINK_SUFFIX)";
				SFML_LINK_DYLIBS_PREFIX = "-l";
				SFML_LINK_DYLIBS_SUFFIX = "";
				SFML_LINK_FRAMEWORKS_PREFIX = "-framework";
				SFML_LINK_FRAMEWORKS_SUFFIX = "";
				SFML_LINK_PREFIX = "$(SFML_LINK_$(SFML_BINARY_TYPE)_PREFIX)";
				SFML_LINK_SUFFIX = "$(SFML_LINK_$(SFML_BINARY_TYPE)_SUFFIX)";
				SFML_NETWORK = "";
				SFML_SYSTEM = "$(SFML_LINK_PREFIX) sfml-system$(SFML_LINK_SUFFIX)";
				SFML_WINDOW = "$(SFML_LINK_PREFIX) sfml-window$(SFML_LINK_SUFFIX)";
				SUPPORTED_PLATFORMS = macosx;
			};
			name = Debug;
		};
		6FB2D3741A3CF42C00DD813B /* Release */ = {
			isa = XCBuildConfiguration;
			buildSettings = {
				ARCHS = "$(NATIVE_ARCH_ACTUAL)";
				CLANG_CXX_LANGUAGE_STANDARD = "c++0x";
				CLANG_CXX_LIBRARY = "libc++";
				FRAMEWORK_SEARCH_PATHS = (
					/Library/Frameworks/,
					"$(inherited)",
				);
				GCC_VERSION = com.apple.compilers.llvm.clang.1_0;
				HEADER_SEARCH_PATHS = (
					/usr/local/include/,
					"$(inherited)",
				);
				LIBRARY_SEARCH_PATHS = (
					/usr/local/lib/,
					"$(inherited)",
				);
				MACOSX_DEPLOYMENT_TARGET = "";
				OTHER_LDFLAGS = (
					"$(inherited)",
					"$(SFML_SYSTEM)",
					"$(SFML_WINDOW)",
					"$(SFML_GRAPHICS)",
					"$(SFML_AUDIO)",
					"$(SFML_NETWORK)",
				);
				SFML_AUDIO = "$(SFML_LINK_PREFIX) sfml-audio$(SFML_LINK_SUFFIX)";
				SFML_BINARY_TYPE = DYLIBS;
				SFML_GRAPHICS = "$(SFML_LINK_PREFIX) sfml-graphics$(SFML_LINK_SUFFIX)";
				SFML_LINK_DYLIBS_PREFIX = "-l";
				SFML_LINK_DYLIBS_SUFFIX = "";
				SFML_LINK_FRAMEWORKS_PREFIX = "-framework";
				SFML_LINK_FRAMEWORKS_SUFFIX = "";
				SFML_LINK_PREFIX = "$(SFML_LINK_$(SFML_BINARY_TYPE)_PREFIX)";
				SFML_LINK_SUFFIX = "$(SFML_LINK_$(SFML_BINARY_TYPE)_SUFFIX)";
				SFML_NETWORK = "";
				SFML_SYSTEM = "$(SFML_LINK_PREFIX) sfml-system$(SFML_LINK_SUFFIX)";
				SFML_WINDOW = "$(SFML_LINK_PREFIX) sfml-window$(SFML_LINK_SUFFIX)";
				SUPPORTED_PLATFORMS = macosx;
			};
			name = Release;
		};
		6FB2D3761A3CF42C00DD813B /* Debug */ = {
			isa = XCBuildConfiguration;
			buildSettings = {
				INFOPLIST_FILE = "terrain-demo/terrain-demo-Info.plist";
				LD_RUNPATH_SEARCH_PATHS = "@loader_path/../Frameworks";
				PRODUCT_NAME = "$(TARGET_NAME)";
			};
			name = Debug;
		};
		6FB2D3771A3CF42C00DD813B /* Release */ = {
			isa = XCBuildConfiguration;
			buildSettings = {
				INFOPLIST_FILE = "terrain-demo/terrain-demo-Info.plist";
				LD_RUNPATH_SEARCH_PATHS = "@loader_path/../Frameworks";
				PRODUCT_NAME = "$(TARGET_NAME)";
			};
			name = Release;
		};
/* End XCBuildConfiguration section */

/* Begin XCConfigurationList section */
		6FB2D35A1A3CF42C00DD813B /* Build configuration list for PBXProject "terrain-demo" */ = {
			isa = XCConfigurationList;
			buildConfigurations = (
				6FB2D3731A3CF42C00DD813B /* Debug */,
				6FB2D3741A3CF42C00DD813B /* Release */,
			);
			defaultConfigurationIsVisible = 0;
			defaultConfigurationName = Release;
		};
		6FB2D3751A3CF42C00DD813B /* Build configuration list for PBXNativeTarget "terrain-demo" */ = {
			isa = XCConfigurationList;
			buildConfigurations = (
				6FB2D3761A3CF42C00DD813B /* Debug */,
				6FB2D3771A3CF42C00DD813B /* Release */,
			);
			defaultConfigurationIsVisible = 0;
			defaultConfigurationName = Release;
		};
/* End XCConfigurationList section */
	};
	rootObject = 6FB2D3571A3CF42C00DD813B /* Project object */;
}
